
Microsoft Visual Studio Solution File, Format Version 12.00
# Visual Studio Version 17
VisualStudioVersion = 17.14.36109.1 d17.14
MinimumVisualStudioVersion = 10.0.40219.1
Project("{2150E333-8FDC-42A3-9474-1A3956D46DE8}") = "src", "src", "{02EA681E-C7D8-13C7-8484-4AC65E1B71E8}"
EndProject
Project("{FAE04EC0-301F-11D3-BF4B-00C04F79EFBC}") = "FileNet.WebFramework", "src\FileNet.WebFramework\FileNet.WebFramework.csproj", "{C4CB8C79-DF35-4DEB-862C-B6FB6A66B9E7}"
EndProject
Project("{FAE04EC0-301F-11D3-BF4B-00C04F79EFBC}") = "FileNet.WebAPI", "src\FileNet.WebAPI\FileNet.WebAPI.csproj", "{D44F4518-11B8-40E7-99F5-B4E0E707CD99}"
EndProject
Global
	GlobalSection(SolutionConfigurationPlatforms) = preSolution
		Debug|Any CPU = Debug|Any CPU
		Release|Any CPU = Release|Any CPU
	EndGlobalSection
	GlobalSection(ProjectConfigurationPlatforms) = postSolution
		{C4CB8C79-DF35-4DEB-862C-B6FB6A66B9E7}.Debug|Any CPU.ActiveCfg = Debug|Any CPU
		{C4CB8C79-DF35-4DEB-862C-B6FB6A66B9E7}.Debug|Any CPU.Build.0 = Debug|Any CPU
		{C4CB8C79-DF35-4DEB-862C-B6FB6A66B9E7}.Release|Any CPU.ActiveCfg = Release|Any CPU
		{C4CB8C79-DF35-4DEB-862C-B6FB6A66B9E7}.Release|Any CPU.Build.0 = Release|Any CPU
		{D44F4518-11B8-40E7-99F5-B4E0E707CD99}.Debug|Any CPU.ActiveCfg = Debug|Any CPU
		{D44F4518-11B8-40E7-99F5-B4E0E707CD99}.Debug|Any CPU.Build.0 = Debug|Any CPU
		{D44F4518-11B8-40E7-99F5-B4E0E707CD99}.Release|Any CPU.ActiveCfg = Release|Any CPU
		{D44F4518-11B8-40E7-99F5-B4E0E707CD99}.Release|Any CPU.Build.0 = Release|Any CPU
	EndGlobalSection
	GlobalSection(SolutionProperties) = preSolution
		HideSolutionNode = FALSE
	EndGlobalSection
	GlobalSection(NestedProjects) = preSolution
		{C4CB8C79-DF35-4DEB-862C-B6FB6A66B9E7} = {02EA681E-C7D8-13C7-8484-4AC65E1B71E8}
		{D44F4518-11B8-40E7-99F5-B4E0E707CD99} = {02EA681E-C7D8-13C7-8484-4AC65E1B71E8}
	EndGlobalSection
	GlobalSection(ExtensibilityGlobals) = postSolution
		SolutionGuid = {6818AFEC-70CD-4F15-A04D-45B7D9DCEEDF}
	EndGlobalSection
EndGlobal
